# This file is automatically @generated by Cargo.
# It is not intended for manual editing.
[[package]]
name = "compiler_builtins"
version = "0.1.38"
source = "registry+https://github.com/rust-lang/crates.io-index"
checksum = "475f939b731d862c8efe7001757c5d7c80978e00ef2923d60d90a6f0cb184c6b"

[[package]]
name = "libc"
version = "0.2.81"
source = "registry+https://github.com/rust-lang/crates.io-index"
checksum = "1482821306169ec4d07f6aca392a4681f66c75c9918aa49641a2595db64053cb"

[[package]]
name = "libm"
version = "0.2.1"
source = "registry+https://github.com/rust-lang/crates.io-index"
checksum = "c7d73b3f436185384286bd8098d17ec07c9a7d2388a6599f824d8502b529702a"

[[package]]
name = "motoko-rts"
version = "0.1.0"
dependencies = [
 "compiler_builtins",
 "libc",
 "libm",
 "utf8-width",
]

[[package]]
name = "motoko-rts-tests"
version = "0.1.0"
dependencies = [
 "motoko-rts",
]

[[package]]
name = "utf8-width"
version = "0.1.4"
source = "registry+https://github.com/rust-lang/crates.io-index"
checksum = "9071ac216321a4470a69fb2b28cfc68dcd1a39acd877c8be8e014df6772d8efa"
