# This file is automatically @generated by Cargo.
# It is not intended for manual editing.
version = 3

[[package]]
name = "motoko-rts"
version = "0.1.0"
dependencies = [
 "motoko-rts-macros",
]

[[package]]
name = "motoko-rts-macros"
version = "0.1.0"
dependencies = [
 "proc-macro2",
 "quote",
 "syn",
]

[[package]]
name = "motoko-rts-tests"
version = "0.1.0"
dependencies = [
 "motoko-rts",
 "motoko-rts-macros",
]

[[package]]
name = "proc-macro2"
version = "1.0.59"
source = "registry+https://github.com/rust-lang/crates.io-index"
checksum = "6aeca18b86b413c660b781aa319e4e2648a3e6f9eadc9b47e9038e6fe9f3451b"
dependencies = [
 "unicode-ident",
]

[[package]]
name = "quote"
version = "1.0.28"
source = "registry+https://github.com/rust-lang/crates.io-index"
checksum = "1b9ab9c7eadfd8df19006f1cf1a4aed13540ed5cbc047010ece5826e10825488"
dependencies = [
 "proc-macro2",
]

[[package]]
name = "syn"
version = "1.0.109"
source = "registry+https://github.com/rust-lang/crates.io-index"
checksum = "72b64191b275b66ffe2469e8af2c1cfe3bafa67b529ead792a6d0160888b4237"
dependencies = [
 "proc-macro2",
 "quote",
 "unicode-ident",
]

[[package]]
name = "unicode-ident"
version = "1.0.9"
source = "registry+https://github.com/rust-lang/crates.io-index"
checksum = "b15811caf2415fb889178633e7724bad2509101cde276048e013b9def5e51fa0"
