{
  "nodes": {
    "candid-src": {
      "flake": false,
      "locked": {
        "lastModified": 1767991521,
        "narHash": "sha256-sxkhoY1s3736kDBo+D+cT7/eoNftvTat6cztn4l3V7o=",
        "owner": "dfinity",
        "repo": "candid",
        "rev": "e643f7d7adfd43d685eaa6fedcec102b37643204",
        "type": "github"
      },
      "original": {
        "owner": "dfinity",
        "repo": "candid",
        "type": "github"
      }
    },
    "esm": {
      "flake": false,
      "locked": {
        "lastModified": 499162500,
        "narHash": "sha256-OP2ddzMmLhqXrcKsJlS9d4oqcx+9vZWevd+DnTAI04Q=",
        "type": "tarball",
        "url": "https://registry.npmjs.org/esm/-/esm-3.2.25.tgz"
      },
      "original": {
        "type": "tarball",
        "url": "https://registry.npmjs.org/esm/-/esm-3.2.25.tgz"
      }
    },
    "flake-parts": {
      "inputs": {
        "nixpkgs-lib": [
          "nix-update-flake",
          "nixpkgs"
        ]
      },
      "locked": {
        "lastModified": 1754420989,
        "narHash": "sha256-3e4wHzNwTMg7GaeLH9A091DMaO9AfFxUjpfqbddCUeo=",
        "owner": "hercules-ci",
        "repo": "flake-parts",
        "rev": "7f38f25a44023a21a504bd3fd9d4f41c4a39f55c",
        "type": "github"
      },
      "original": {
        "owner": "hercules-ci",
        "repo": "flake-parts",
        "type": "github"
      }
    },
    "flake-utils": {
      "inputs": {
        "systems": "systems"
      },
      "locked": {
        "lastModified": 1731533236,
        "narHash": "sha256-l0KFg5HjrsfsO/JpG+r7fRrqm12kzFHyUHqHCVpMMbI=",
        "owner": "numtide",
        "repo": "flake-utils",
        "rev": "11707dc2f618dd54ca8739b309ec4fc024de578b",
        "type": "github"
      },
      "original": {
        "owner": "numtide",
        "repo": "flake-utils",
        "type": "github"
      }
    },
    "ic-wasm-src": {
      "flake": false,
      "locked": {
        "lastModified": 1768251536,
        "narHash": "sha256-oilXW9k2IFDNXtxoIt9ZYvX5i75Ba55Uq9jLwCcDqW8=",
        "owner": "dfinity",
        "repo": "ic-wasm",
        "rev": "a45d53291df5a05fc0cc509abfe22a2cbb5bba4d",
        "type": "github"
      },
      "original": {
        "owner": "dfinity",
        "repo": "ic-wasm",
        "type": "github"
      }
    },
    "libtommath-src": {
      "flake": false,
      "locked": {
        "lastModified": 1571737484,
        "narHash": "sha256-zpnCm1EpaoeMzdJVYMS2LARSJn5eqtQhipAcBFfrRDI=",
        "owner": "libtom",
        "repo": "libtommath",
        "rev": "6ca6898bf37f583c4cc9943441cd60dd69f4b8f2",
        "type": "github"
      },
      "original": {
        "owner": "libtom",
        "ref": "v1.2.0",
        "repo": "libtommath",
        "type": "github"
      }
    },
    "motoko-base-src": {
      "flake": false,
      "locked": {
        "lastModified": 1759588547,
        "narHash": "sha256-p7Z+cy9F0abuCWh4hvUpoOROhIPiYJfAO3f4hTXMKow=",
        "owner": "caffeinelabs",
        "repo": "motoko-base",
        "rev": "15f79638ab493b985f9a0c45d62460781a728d33",
        "type": "github"
      },
      "original": {
        "owner": "caffeinelabs",
        "ref": "next-moc",
        "repo": "motoko-base",
        "type": "github"
      }
    },
    "motoko-core-src": {
      "flake": false,
      "locked": {
        "lastModified": 1767368472,
        "narHash": "sha256-JP8kVRWEuM4cKAUpXnwWcQe2C0vT/54YYZwQs569q3E=",
        "owner": "caffeinelabs",
        "repo": "motoko-core",
        "rev": "c87170edd5766dc9fa243d95a5ef197849f7956f",
        "type": "github"
      },
      "original": {
        "owner": "caffeinelabs",
        "repo": "motoko-core",
        "type": "github"
      }
    },
    "motoko-matchers-src": {
      "flake": false,
      "locked": {
        "lastModified": 1740991650,
        "narHash": "sha256-SXw1rO/IWHS9kjySy/u6HbEHYWn7JeQkK2IVI5TLCWA=",
        "owner": "kritzcreek",
        "repo": "motoko-matchers",
        "rev": "5ba5f52bd9a5649dedf5e2a1ccd55d98ed7ff982",
        "type": "github"
      },
      "original": {
        "owner": "kritzcreek",
        "repo": "motoko-matchers",
        "rev": "5ba5f52bd9a5649dedf5e2a1ccd55d98ed7ff982",
        "type": "github"
      }
    },
    "nix-update-flake": {
      "inputs": {
        "flake-parts": "flake-parts",
        "nixpkgs": [
          "nixpkgs"
        ],
        "treefmt-nix": "treefmt-nix"
      },
      "locked": {
        "lastModified": 1754421367,
        "narHash": "sha256-zumHGR/7NqlkSi8W7Vvdka/l/8x1aenpINg2jqepyeo=",
        "owner": "Mic92",
        "repo": "nix-update",
        "rev": "09aadb5d6d9e1fc57df0b61def4bdd8b43ea47a1",
        "type": "github"
      },
      "original": {
        "owner": "Mic92",
        "repo": "nix-update",
        "rev": "09aadb5d6d9e1fc57df0b61def4bdd8b43ea47a1",
        "type": "github"
      }
    },
    "nixpkgs": {
      "locked": {
        "lastModified": 1766014764,
        "narHash": "sha256-+73VffE5GP5fvbib6Hs1Su6LehG+9UV1Kzs90T2gBLA=",
        "owner": "NixOS",
        "repo": "nixpkgs",
        "rev": "2b0d2b456e4e8452cf1c16d00118d145f31160f9",
        "type": "github"
      },
      "original": {
        "owner": "NixOS",
        "ref": "nixos-25.05",
        "repo": "nixpkgs",
        "type": "github"
      }
    },
    "ocaml-recovery-parser-src": {
      "flake": false,
      "locked": {
        "lastModified": 1742444578,
        "narHash": "sha256-RFRI7VoHd7GceIQnzN1FQYfR/5nbrU/t1pLTbURE6PY=",
        "owner": "serokell",
        "repo": "ocaml-recovery-parser",
        "rev": "b8207b0c919b84d5096486e59985d0137c0c4d82",
        "type": "github"
      },
      "original": {
        "owner": "serokell",
        "repo": "ocaml-recovery-parser",
        "type": "github"
      }
    },
    "ocaml-vlq-src": {
      "flake": false,
      "locked": {
        "lastModified": 1629909858,
        "narHash": "sha256-et4gfL9IVNkmTLp/S03eAQuRifsuxexvABdC3G7t1MU=",
        "owner": "flowtype",
        "repo": "ocaml-vlq",
        "rev": "66238f9539292b5e0cf73cb8d80dbd3f41732c27",
        "type": "github"
      },
      "original": {
        "owner": "flowtype",
        "repo": "ocaml-vlq",
        "type": "github"
      }
    },
    "root": {
      "inputs": {
        "candid-src": "candid-src",
        "esm": "esm",
        "flake-utils": "flake-utils",
        "ic-wasm-src": "ic-wasm-src",
        "libtommath-src": "libtommath-src",
        "motoko-base-src": "motoko-base-src",
        "motoko-core-src": "motoko-core-src",
        "motoko-matchers-src": "motoko-matchers-src",
        "nix-update-flake": "nix-update-flake",
        "nixpkgs": "nixpkgs",
        "ocaml-recovery-parser-src": "ocaml-recovery-parser-src",
        "ocaml-vlq-src": "ocaml-vlq-src",
        "rust-overlay": "rust-overlay",
        "wasm-spec-src": "wasm-spec-src"
      }
    },
    "rust-overlay": {
      "inputs": {
        "nixpkgs": [
          "nixpkgs"
        ]
      },
      "locked": {
        "lastModified": 1766198367,
        "narHash": "sha256-f1L1rCEu2Zew6zdiZ38jJDZd65ktE7UN+Gqn2LHPiFI=",
        "owner": "oxalica",
        "repo": "rust-overlay",
        "rev": "66bb33fdfb50b1ee724381c3f5d6012dac6c89b3",
        "type": "github"
      },
      "original": {
        "owner": "oxalica",
        "repo": "rust-overlay",
        "type": "github"
      }
    },
    "systems": {
      "locked": {
        "lastModified": 1681028828,
        "narHash": "sha256-Vy1rq5AaRuLzOxct8nz4T6wlgyUR7zLU309k9mBC768=",
        "owner": "nix-systems",
        "repo": "default",
        "rev": "da67096a3b9bf56a91d16901293e51ba5b49a27e",
        "type": "github"
      },
      "original": {
        "owner": "nix-systems",
        "repo": "default",
        "type": "github"
      }
    },
    "treefmt-nix": {
      "inputs": {
        "nixpkgs": [
          "nix-update-flake",
          "nixpkgs"
        ]
      },
      "locked": {
        "lastModified": 1754061284,
        "narHash": "sha256-ONcNxdSiPyJ9qavMPJYAXDNBzYobHRxw0WbT38lKbwU=",
        "owner": "numtide",
        "repo": "treefmt-nix",
        "rev": "58bd4da459f0a39e506847109a2a5cfceb837796",
        "type": "github"
      },
      "original": {
        "owner": "numtide",
        "repo": "treefmt-nix",
        "type": "github"
      }
    },
    "wasm-spec-src": {
      "flake": false,
      "locked": {
        "lastModified": 1588580907,
        "narHash": "sha256-7Ew7V63uzGhwrPLUa6+4OG4GwkuggmtJiuaESbYX584=",
        "owner": "WebAssembly",
        "repo": "spec",
        "rev": "65a37e19b4aa4ffb76034ad6727bab74b071df9d",
        "type": "github"
      },
      "original": {
        "owner": "WebAssembly",
        "ref": "opam-1.1.1",
        "repo": "spec",
        "type": "github"
      }
    }
  },
  "root": "root",
  "version": 7
}
