{
  "nodes": {
    "candid-src": {
      "flake": false,
      "locked": {
        "lastModified": 1747357775,
        "narHash": "sha256-my6al+qwnJC2/7Mggm6gvRElT5kTfomqubd6OmbzHFA=",
        "owner": "dfinity",
        "repo": "candid",
        "rev": "f872fba8174cf68879336dbdec583abda869452e",
        "type": "github"
      },
      "original": {
        "owner": "dfinity",
        "repo": "candid",
        "type": "github"
      }
    },
    "esm": {
      "flake": false,
      "locked": {
        "lastModified": 499162500,
        "narHash": "sha256-OP2ddzMmLhqXrcKsJlS9d4oqcx+9vZWevd+DnTAI04Q=",
        "type": "tarball",
        "url": "https://registry.npmjs.org/esm/-/esm-3.2.25.tgz"
      },
      "original": {
        "type": "tarball",
        "url": "https://registry.npmjs.org/esm/-/esm-3.2.25.tgz"
      }
    },
    "flake-parts": {
      "inputs": {
        "nixpkgs-lib": [
          "nix-update-flake",
          "nixpkgs"
        ]
      },
      "locked": {
        "lastModified": 1748821116,
        "narHash": "sha256-F82+gS044J1APL0n4hH50GYdPRv/5JWm34oCJYmVKdE=",
        "owner": "hercules-ci",
        "repo": "flake-parts",
        "rev": "49f0870db23e8c1ca0b5259734a02cd9e1e371a1",
        "type": "github"
      },
      "original": {
        "owner": "hercules-ci",
        "repo": "flake-parts",
        "type": "github"
      }
    },
    "flake-utils": {
      "inputs": {
        "systems": "systems"
      },
      "locked": {
        "lastModified": 1731533236,
        "narHash": "sha256-l0KFg5HjrsfsO/JpG+r7fRrqm12kzFHyUHqHCVpMMbI=",
        "owner": "numtide",
        "repo": "flake-utils",
        "rev": "11707dc2f618dd54ca8739b309ec4fc024de578b",
        "type": "github"
      },
      "original": {
        "owner": "numtide",
        "repo": "flake-utils",
        "type": "github"
      }
    },
    "ic-src": {
      "flake": false,
      "locked": {
        "lastModified": 1748291322,
        "narHash": "sha256-Wn/xtD1KOY6cdeeWvAyabtwkZZfiGP4ANRdnW6Z2l4c=",
        "owner": "dfinity",
        "repo": "ic",
        "rev": "ea88bf355a80d92e7323cde080afbc747e3ae6b4",
        "type": "github"
      },
      "original": {
        "owner": "dfinity",
        "repo": "ic",
        "type": "github"
      }
    },
    "ic-wasm-src": {
      "flake": false,
      "locked": {
        "lastModified": 1738072422,
        "narHash": "sha256-Cq84lk78FscMOJECyo1EEiC8892LK9gMakSEMh2vfXU=",
        "owner": "dfinity",
        "repo": "ic-wasm",
        "rev": "4c52e75c12bb730e795d8a4c2862987f4a9524a3",
        "type": "github"
      },
      "original": {
        "owner": "dfinity",
        "repo": "ic-wasm",
        "type": "github"
      }
    },
    "libtommath-src": {
      "flake": false,
      "locked": {
        "lastModified": 1571737484,
        "narHash": "sha256-zpnCm1EpaoeMzdJVYMS2LARSJn5eqtQhipAcBFfrRDI=",
        "owner": "libtom",
        "repo": "libtommath",
        "rev": "6ca6898bf37f583c4cc9943441cd60dd69f4b8f2",
        "type": "github"
      },
      "original": {
        "owner": "libtom",
        "ref": "v1.2.0",
        "repo": "libtommath",
        "type": "github"
      }
    },
    "motoko-base-src": {
      "flake": false,
      "locked": {
        "lastModified": 1749128554,
        "narHash": "sha256-jpiEsQ2ZKzYFQdnkQ9zPWJ0lAKKaA+q4Vrt/QbO5Ujw=",
        "owner": "dfinity",
        "repo": "motoko-base",
        "rev": "d9a416498c0c1b6deb7552643e9a514c42ecb9b4",
        "type": "github"
      },
      "original": {
        "owner": "dfinity",
        "ref": "next-moc",
        "repo": "motoko-base",
        "type": "github"
      }
    },
    "motoko-matchers-src": {
      "flake": false,
      "locked": {
        "lastModified": 1740991650,
        "narHash": "sha256-SXw1rO/IWHS9kjySy/u6HbEHYWn7JeQkK2IVI5TLCWA=",
        "owner": "kritzcreek",
        "repo": "motoko-matchers",
        "rev": "5ba5f52bd9a5649dedf5e2a1ccd55d98ed7ff982",
        "type": "github"
      },
      "original": {
        "owner": "kritzcreek",
        "repo": "motoko-matchers",
        "type": "github"
      }
    },
    "nix-update-flake": {
      "inputs": {
        "flake-parts": "flake-parts",
        "nixpkgs": [
          "nixpkgs"
        ],
        "treefmt-nix": "treefmt-nix"
      },
      "locked": {
        "lastModified": 1749197142,
        "narHash": "sha256-lsvMB6OOOlZA0yInNl6/Wn0/IrFrZ/dqEEbRwo8RarM=",
        "owner": "Mic92",
        "repo": "nix-update",
        "rev": "e8ec17bdda106b4a980b893b7c612b855c91b945",
        "type": "github"
      },
      "original": {
        "owner": "Mic92",
        "repo": "nix-update",
        "type": "github"
      }
    },
    "nixpkgs": {
      "locked": {
        "lastModified": 1748037224,
        "narHash": "sha256-92vihpZr6dwEMV6g98M5kHZIttrWahb9iRPBm1atcPk=",
        "owner": "NixOS",
        "repo": "nixpkgs",
        "rev": "f09dede81861f3a83f7f06641ead34f02f37597f",
        "type": "github"
      },
      "original": {
        "owner": "NixOS",
        "ref": "nixos-24.11",
        "repo": "nixpkgs",
        "type": "github"
      }
    },
    "ocaml-recovery-parser-src": {
      "flake": false,
      "locked": {
        "lastModified": 1742444578,
        "narHash": "sha256-RFRI7VoHd7GceIQnzN1FQYfR/5nbrU/t1pLTbURE6PY=",
        "owner": "serokell",
        "repo": "ocaml-recovery-parser",
        "rev": "b8207b0c919b84d5096486e59985d0137c0c4d82",
        "type": "github"
      },
      "original": {
        "owner": "serokell",
        "repo": "ocaml-recovery-parser",
        "type": "github"
      }
    },
    "ocaml-vlq-src": {
      "flake": false,
      "locked": {
        "lastModified": 1629909858,
        "narHash": "sha256-et4gfL9IVNkmTLp/S03eAQuRifsuxexvABdC3G7t1MU=",
        "owner": "flowtype",
        "repo": "ocaml-vlq",
        "rev": "66238f9539292b5e0cf73cb8d80dbd3f41732c27",
        "type": "github"
      },
      "original": {
        "owner": "flowtype",
        "repo": "ocaml-vlq",
        "type": "github"
      }
    },
    "root": {
      "inputs": {
        "candid-src": "candid-src",
        "esm": "esm",
        "flake-utils": "flake-utils",
        "ic-src": "ic-src",
        "ic-wasm-src": "ic-wasm-src",
        "libtommath-src": "libtommath-src",
        "motoko-base-src": "motoko-base-src",
        "motoko-matchers-src": "motoko-matchers-src",
        "nix-update-flake": "nix-update-flake",
        "nixpkgs": "nixpkgs",
        "ocaml-recovery-parser-src": "ocaml-recovery-parser-src",
        "ocaml-vlq-src": "ocaml-vlq-src",
        "rust-overlay": "rust-overlay",
        "viper-server": "viper-server",
        "wasm-spec-src": "wasm-spec-src"
      }
    },
    "rust-overlay": {
      "inputs": {
        "nixpkgs": [
          "nixpkgs"
        ]
      },
      "locked": {
        "lastModified": 1748227081,
        "narHash": "sha256-RLnN7LBxhEdCJ6+rIL9sbhjBVDaR6jG377M/CLP/fmE=",
        "owner": "oxalica",
        "repo": "rust-overlay",
        "rev": "1cbe817fd8c64a9f77ba4d7861a4839b0b15983e",
        "type": "github"
      },
      "original": {
        "owner": "oxalica",
        "repo": "rust-overlay",
        "type": "github"
      }
    },
    "systems": {
      "locked": {
        "lastModified": 1681028828,
        "narHash": "sha256-Vy1rq5AaRuLzOxct8nz4T6wlgyUR7zLU309k9mBC768=",
        "owner": "nix-systems",
        "repo": "default",
        "rev": "da67096a3b9bf56a91d16901293e51ba5b49a27e",
        "type": "github"
      },
      "original": {
        "owner": "nix-systems",
        "repo": "default",
        "type": "github"
      }
    },
    "treefmt-nix": {
      "inputs": {
        "nixpkgs": [
          "nix-update-flake",
          "nixpkgs"
        ]
      },
      "locked": {
        "lastModified": 1749194973,
        "narHash": "sha256-eEy8cuS0mZ2j/r/FE0/LYBSBcIs/MKOIVakwHVuqTfk=",
        "owner": "numtide",
        "repo": "treefmt-nix",
        "rev": "a05be418a1af1198ca0f63facb13c985db4cb3c5",
        "type": "github"
      },
      "original": {
        "owner": "numtide",
        "repo": "treefmt-nix",
        "type": "github"
      }
    },
    "viper-server": {
      "flake": false,
      "locked": {
        "narHash": "sha256-lP7CFmug2kecogQ+qFS2GzxNQEzBVODw7xXmTHmxblQ=",
        "type": "file",
        "url": "https://github.com/viperproject/viperserver/releases/download/v.22.11-release/viperserver.jar"
      },
      "original": {
        "type": "file",
        "url": "https://github.com/viperproject/viperserver/releases/download/v.22.11-release/viperserver.jar"
      }
    },
    "wasm-spec-src": {
      "flake": false,
      "locked": {
        "lastModified": 1588580907,
        "narHash": "sha256-7Ew7V63uzGhwrPLUa6+4OG4GwkuggmtJiuaESbYX584=",
        "owner": "WebAssembly",
        "repo": "spec",
        "rev": "65a37e19b4aa4ffb76034ad6727bab74b071df9d",
        "type": "github"
      },
      "original": {
        "owner": "WebAssembly",
        "ref": "opam-1.1.1",
        "repo": "spec",
        "type": "github"
      }
    }
  },
  "root": "root",
  "version": 7
}
