# This file is automatically @generated by Cargo.
# It is not intended for manual editing.
[[package]]
name = "compiler_builtins"
version = "0.1.32"
source = "registry+https://github.com/rust-lang/crates.io-index"
checksum = "7bc4ac2c824d2bfc612cba57708198547e9a26943af0632aff033e0693074d5c"

[[package]]
name = "libc"
version = "0.2.76"
source = "registry+https://github.com/rust-lang/crates.io-index"
checksum = "755456fae044e6fa1ebbbd1b3e902ae19e73097ed4ed87bb79934a867c007bc3"

[[package]]
name = "motoko-rts"
version = "0.1.0"
dependencies = [
 "compiler_builtins",
 "libc",
]
