{
  "name": "doc",
  "lockfileVersion": 3,
  "requires": true,
  "packages": {
    "": {
      "dependencies": {
        "dune": "^0.2.1"
      }
    },
    "node_modules/dune": {
      "version": "0.2.1",
      "resolved": "https://registry.npmjs.org/dune/-/dune-0.2.1.tgz",
      "integrity": "sha512-sehiXN7nzoeT7T10zVLfc5R7+kq4BM++25ZfzjIMpSslwatm5XMoPWKdFDzteU/tVA6DvVS8h4yy7fev1bFuhA==",
      "engines": {
        "node": "*"
      }
    }
  }
}
